{
  "nodes": {
    "flake-compat": {
      "flake": false,
      "locked": {
        "lastModified": 1696426674,
        "narHash": "sha256-kvjfFW7WAETZlt09AgDn1MrtKzP7t90Vf7vypd3OL1U=",
        "owner": "edolstra",
        "repo": "flake-compat",
        "rev": "0f9255e01c2351cc7d116c072cb317785dd33b33",
        "type": "github"
      },
      "original": {
        "owner": "edolstra",
        "repo": "flake-compat",
        "type": "github"
      }
    },
    "flake-compat_2": {
      "flake": false,
      "locked": {
        "lastModified": 1673956053,
        "narHash": "sha256-4gtG9iQuiKITOjNQQeQIpoIB6b16fm+504Ch3sNKLd8=",
        "owner": "edolstra",
        "repo": "flake-compat",
        "rev": "35bb57c0c8d8b62bbfd284272c928ceb64ddbde9",
        "type": "github"
      },
      "original": {
        "owner": "edolstra",
        "repo": "flake-compat",
        "type": "github"
      }
    },
    "flake-utils": {
      "inputs": {
        "systems": "systems"
      },
      "locked": {
        "lastModified": 1681202837,
        "narHash": "sha256-H+Rh19JDwRtpVPAWp64F+rlEtxUWBAQW28eAi3SRSzg=",
        "owner": "numtide",
        "repo": "flake-utils",
        "rev": "cfacdce06f30d2b68473a46042957675eebb3401",
        "type": "github"
      },
      "original": {
        "owner": "numtide",
        "repo": "flake-utils",
        "type": "github"
      }
    },
    "home-manager": {
      "inputs": {
        "nixpkgs": [
          "stable"
        ]
      },
      "locked": {
        "lastModified": 1719827415,
        "narHash": "sha256-pvh+1hStXXAZf0sZ1xIJbWGx4u+OGBC1rVx6Wsw0fBw=",
        "owner": "nix-community",
        "repo": "home-manager",
        "rev": "f2e3c19867262dbe84fdfab42467fc8dd83a2005",
        "type": "github"
      },
      "original": {
        "owner": "nix-community",
        "ref": "release-23.11",
        "repo": "home-manager",
        "type": "github"
      }
    },
    "nix-matlab": {
      "inputs": {
        "flake-compat": "flake-compat",
        "nixpkgs": [
          "stable"
        ]
      },
      "locked": {
        "lastModified": 1726412491,
        "narHash": "sha256-0uOLOdrymruXrG45Zun8q/evTQvrA9ovqH3nzq9fqE0=",
        "owner": "doronbehar",
        "repo": "nix-matlab",
        "rev": "d11378d0277ca240ce8211be3a0e9c0ddf8226fe",
        "type": "gitlab"
      },
      "original": {
        "owner": "doronbehar",
        "repo": "nix-matlab",
        "type": "gitlab"
      }
    },
    "nix-minecraft": {
      "inputs": {
        "flake-compat": "flake-compat_2",
        "flake-utils": "flake-utils",
        "nixpkgs": "nixpkgs"
      },
      "locked": {
        "lastModified": 1726365040,
        "narHash": "sha256-IGBYtQDfbYW83A7xtBw7imugGeDdudEaF1L1M/MAO7w=",
        "owner": "Infinidoge",
        "repo": "nix-minecraft",
        "rev": "7ff4b79d959b26101bf3d53d00aeaeed05ab579a",
        "type": "github"
      },
      "original": {
        "owner": "Infinidoge",
        "repo": "nix-minecraft",
        "type": "github"
      }
    },
    "nixpkgs": {
      "locked": {
        "lastModified": 1715266358,
        "narHash": "sha256-doPgfj+7FFe9rfzWo1siAV2mVCasW+Bh8I1cToAXEE4=",
        "owner": "nixos",
        "repo": "nixpkgs",
        "rev": "f1010e0469db743d14519a1efd37e23f8513d714",
        "type": "github"
      },
      "original": {
        "owner": "nixos",
        "ref": "nixos-unstable",
        "repo": "nixpkgs",
        "type": "github"
      }
    },
    "root": {
      "inputs": {
        "home-manager": "home-manager",
        "nix-matlab": "nix-matlab",
        "nix-minecraft": "nix-minecraft",
        "stable": "stable",
        "unstable": "unstable"
      }
    },
    "stable": {
      "locked": {
        "lastModified": 1720535198,
        "narHash": "sha256-zwVvxrdIzralnSbcpghA92tWu2DV2lwv89xZc8MTrbg=",
        "owner": "nixos",
        "repo": "nixpkgs",
        "rev": "205fd4226592cc83fd4c0885a3e4c9c400efabb5",
        "type": "github"
      },
      "original": {
        "owner": "nixos",
        "ref": "nixos-23.11",
        "repo": "nixpkgs",
        "type": "github"
      }
    },
    "systems": {
      "locked": {
        "lastModified": 1681028828,
        "narHash": "sha256-Vy1rq5AaRuLzOxct8nz4T6wlgyUR7zLU309k9mBC768=",
        "owner": "nix-systems",
        "repo": "default",
        "rev": "da67096a3b9bf56a91d16901293e51ba5b49a27e",
        "type": "github"
      },
      "original": {
        "owner": "nix-systems",
        "repo": "default",
        "type": "github"
      }
    },
    "unstable": {
      "locked": {
        "lastModified": 1726243404,
        "narHash": "sha256-sjiGsMh+1cWXb53Tecsm4skyFNag33GPbVgCdfj3n9I=",
        "owner": "nixos",
        "repo": "nixpkgs",
        "rev": "345c263f2f53a3710abe117f28a5cb86d0ba4059",
        "type": "github"
      },
      "original": {
        "owner": "nixos",
        "ref": "nixos-unstable",
        "repo": "nixpkgs",
        "type": "github"
      }
    }
  },
  "root": "root",
  "version": 7
}
